
Microsoft Visual Studio Solution File, Format Version 12.00
# Visual Studio Version 17
VisualStudioVersion = 17.8.34330.188
MinimumVisualStudioVersion = 10.0.40219.1
Project("{FAE04EC0-301F-11D3-BF4B-00C04F79EFBC}") = "Leetcode783", "Leetcode783\Leetcode783.csproj", "{BAAA2232-8E78-41C1-BBE7-6DB7D8E5366D}"
EndProject
Project("{FAE04EC0-301F-11D3-BF4B-00C04F79EFBC}") = "leetcode653", "..\leetcode653\leetcode653.csproj", "{74668AA5-7768-4079-A70E-D5A89405BD26}"
EndProject
Project("{FAE04EC0-301F-11D3-BF4B-00C04F79EFBC}") = "Leetcode703", "Leetcode703\Leetcode703.csproj", "{9B414FBA-E393-4DB3-AD55-CC75BF416899}"
EndProject
Project("{FAE04EC0-301F-11D3-BF4B-00C04F79EFBC}") = "leetcode897", "..\leetcode897\leetcode897.csproj", "{229F67AB-878D-4C50-9B9B-E11783D2D2C6}"
EndProject
Global
	GlobalSection(SolutionConfigurationPlatforms) = preSolution
		Debug|Any CPU = Debug|Any CPU
		Release|Any CPU = Release|Any CPU
	EndGlobalSection
	GlobalSection(ProjectConfigurationPlatforms) = postSolution
		{BAAA2232-8E78-41C1-BBE7-6DB7D8E5366D}.Debug|Any CPU.ActiveCfg = Debug|Any CPU
		{BAAA2232-8E78-41C1-BBE7-6DB7D8E5366D}.Debug|Any CPU.Build.0 = Debug|Any CPU
		{BAAA2232-8E78-41C1-BBE7-6DB7D8E5366D}.Release|Any CPU.ActiveCfg = Release|Any CPU
		{BAAA2232-8E78-41C1-BBE7-6DB7D8E5366D}.Release|Any CPU.Build.0 = Release|Any CPU
		{74668AA5-7768-4079-A70E-D5A89405BD26}.Debug|Any CPU.ActiveCfg = Debug|Any CPU
		{74668AA5-7768-4079-A70E-D5A89405BD26}.Debug|Any CPU.Build.0 = Debug|Any CPU
		{74668AA5-7768-4079-A70E-D5A89405BD26}.Release|Any CPU.ActiveCfg = Release|Any CPU
		{74668AA5-7768-4079-A70E-D5A89405BD26}.Release|Any CPU.Build.0 = Release|Any CPU
		{9B414FBA-E393-4DB3-AD55-CC75BF416899}.Debug|Any CPU.ActiveCfg = Debug|Any CPU
		{9B414FBA-E393-4DB3-AD55-CC75BF416899}.Debug|Any CPU.Build.0 = Debug|Any CPU
		{9B414FBA-E393-4DB3-AD55-CC75BF416899}.Release|Any CPU.ActiveCfg = Release|Any CPU
		{9B414FBA-E393-4DB3-AD55-CC75BF416899}.Release|Any CPU.Build.0 = Release|Any CPU
		{229F67AB-878D-4C50-9B9B-E11783D2D2C6}.Debug|Any CPU.ActiveCfg = Debug|Any CPU
		{229F67AB-878D-4C50-9B9B-E11783D2D2C6}.Debug|Any CPU.Build.0 = Debug|Any CPU
		{229F67AB-878D-4C50-9B9B-E11783D2D2C6}.Release|Any CPU.ActiveCfg = Release|Any CPU
		{229F67AB-878D-4C50-9B9B-E11783D2D2C6}.Release|Any CPU.Build.0 = Release|Any CPU
	EndGlobalSection
	GlobalSection(SolutionProperties) = preSolution
		HideSolutionNode = FALSE
	EndGlobalSection
	GlobalSection(ExtensibilityGlobals) = postSolution
		SolutionGuid = {A49B06C6-8881-41BA-8308-26EAEEBD7817}
	EndGlobalSection
EndGlobal
