
Microsoft Visual Studio Solution File, Format Version 12.00
# Visual Studio Version 17
VisualStudioVersion = 17.8.34330.188
MinimumVisualStudioVersion = 10.0.40219.1
Project("{FAE04EC0-301F-11D3-BF4B-00C04F79EFBC}") = "Leetcode938", "Leetcode938\Leetcode938.csproj", "{5F13875C-B32F-4129-917A-1A7C610B0D84}"
EndProject
Global
	GlobalSection(SolutionConfigurationPlatforms) = preSolution
		Debug|Any CPU = Debug|Any CPU
		Release|Any CPU = Release|Any CPU
	EndGlobalSection
	GlobalSection(ProjectConfigurationPlatforms) = postSolution
		{5F13875C-B32F-4129-917A-1A7C610B0D84}.Debug|Any CPU.ActiveCfg = Debug|Any CPU
		{5F13875C-B32F-4129-917A-1A7C610B0D84}.Debug|Any CPU.Build.0 = Debug|Any CPU
		{5F13875C-B32F-4129-917A-1A7C610B0D84}.Release|Any CPU.ActiveCfg = Release|Any CPU
		{5F13875C-B32F-4129-917A-1A7C610B0D84}.Release|Any CPU.Build.0 = Release|Any CPU
	EndGlobalSection
	GlobalSection(SolutionProperties) = preSolution
		HideSolutionNode = FALSE
	EndGlobalSection
	GlobalSection(ExtensibilityGlobals) = postSolution
		SolutionGuid = {E475705B-A85D-439C-A1CD-F04126C79238}
	EndGlobalSection
EndGlobal
