
Microsoft Visual Studio Solution File, Format Version 12.00
# Visual Studio Version 17
VisualStudioVersion = 17.8.34330.188
MinimumVisualStudioVersion = 10.0.40219.1
Project("{FAE04EC0-301F-11D3-BF4B-00C04F79EFBC}") = "leetcode120", "leetcode120\leetcode120.csproj", "{66340D42-6354-41A5-BF95-6A1771FCD860}"
EndProject
Global
	GlobalSection(SolutionConfigurationPlatforms) = preSolution
		Debug|Any CPU = Debug|Any CPU
		Release|Any CPU = Release|Any CPU
	EndGlobalSection
	GlobalSection(ProjectConfigurationPlatforms) = postSolution
		{66340D42-6354-41A5-BF95-6A1771FCD860}.Debug|Any CPU.ActiveCfg = Debug|Any CPU
		{66340D42-6354-41A5-BF95-6A1771FCD860}.Debug|Any CPU.Build.0 = Debug|Any CPU
		{66340D42-6354-41A5-BF95-6A1771FCD860}.Release|Any CPU.ActiveCfg = Release|Any CPU
		{66340D42-6354-41A5-BF95-6A1771FCD860}.Release|Any CPU.Build.0 = Release|Any CPU
	EndGlobalSection
	GlobalSection(SolutionProperties) = preSolution
		HideSolutionNode = FALSE
	EndGlobalSection
	GlobalSection(ExtensibilityGlobals) = postSolution
		SolutionGuid = {C2ED1B79-21C7-4F8E-9A88-CA10C451AF9C}
	EndGlobalSection
EndGlobal
